// !$*UTF8*$!
{
	archiveVersion = 1;
	classes = {
	};
	objectVersion = 51;
	objects = {

/* Begin PBXBuildFile section */
		0BE0998EB0BD44A97585DEB6 /* Pods_TemperWorks.framework in Frameworks */ = {isa = PBXBuildFile; fileRef = 5431284A8E30761B41B082BC /* Pods_TemperWorks.framework */; };
		A5E0B5147266FDED7D95DC0D /* Pods_TemperWorks_TemperWorksTests.framework in Frameworks */ = {isa = PBXBuildFile; fileRef = 62311D24DA847E7C50868471 /* Pods_TemperWorks_TemperWorksTests.framework */; };
		CE4C2908252E5E8E00C7C77E /* AppDelegate.swift in Sources */ = {isa = PBXBuildFile; fileRef = CE4C2907252E5E8E00C7C77E /* AppDelegate.swift */; };
		CE4C290A252E5E8E00C7C77E /* SceneDelegate.swift in Sources */ = {isa = PBXBuildFile; fileRef = CE4C2909252E5E8E00C7C77E /* SceneDelegate.swift */; };
		CE4C2911252E5E8F00C7C77E /* Assets.xcassets in Resources */ = {isa = PBXBuildFile; fileRef = CE4C2910252E5E8F00C7C77E /* Assets.xcassets */; };
		CE4C2914252E5E8F00C7C77E /* LaunchScreen.storyboard in Resources */ = {isa = PBXBuildFile; fileRef = CE4C2912252E5E8F00C7C77E /* LaunchScreen.storyboard */; };
		CE4C2927252E68CB00C7C77E /* AppCoordinator.swift in Sources */ = {isa = PBXBuildFile; fileRef = CE4C2926252E68CB00C7C77E /* AppCoordinator.swift */; };
		CE4C292C252E6A2B00C7C77E /* JobListViewController.swift in Sources */ = {isa = PBXBuildFile; fileRef = CE4C292A252E6A2B00C7C77E /* JobListViewController.swift */; };
		CE4C292D252E6A2B00C7C77E /* JobListViewController.xib in Resources */ = {isa = PBXBuildFile; fileRef = CE4C292B252E6A2B00C7C77E /* JobListViewController.xib */; };
		CE4C2931252E6C6100C7C77E /* BaseViewController.swift in Sources */ = {isa = PBXBuildFile; fileRef = CE4C2930252E6C6100C7C77E /* BaseViewController.swift */; };
		CE5583B92532C92D00E8B748 /* TestSchedulerExtension.swift in Sources */ = {isa = PBXBuildFile; fileRef = CE5583B82532C92D00E8B748 /* TestSchedulerExtension.swift */; };
		CE668DAC2531E98A00DFC435 /* GreenButton.swift in Sources */ = {isa = PBXBuildFile; fileRef = CE668DAB2531E98A00DFC435 /* GreenButton.swift */; };
		CE8E58E32531FDBB005E7A17 /* SignupViewController.swift in Sources */ = {isa = PBXBuildFile; fileRef = CE8E58E12531FDBB005E7A17 /* SignupViewController.swift */; };
		CE8E58E42531FDBB005E7A17 /* SignupViewController.xib in Resources */ = {isa = PBXBuildFile; fileRef = CE8E58E22531FDBB005E7A17 /* SignupViewController.xib */; };
		CE8E58E82531FF86005E7A17 /* MobileNumberValidationViewController.swift in Sources */ = {isa = PBXBuildFile; fileRef = CE8E58E62531FF86005E7A17 /* MobileNumberValidationViewController.swift */; };
		CE8E58E92531FF86005E7A17 /* MobileNumberValidationViewController.xib in Resources */ = {isa = PBXBuildFile; fileRef = CE8E58E72531FF86005E7A17 /* MobileNumberValidationViewController.xib */; };
		CE8E58ED253205B7005E7A17 /* UIViewControllerExtension.swift in Sources */ = {isa = PBXBuildFile; fileRef = CE8E58EC253205B7005E7A17 /* UIViewControllerExtension.swift */; };
		CE8E590225328FD2005E7A17 /* JobListViewModelTests.swift in Sources */ = {isa = PBXBuildFile; fileRef = CE8E590125328FD2005E7A17 /* JobListViewModelTests.swift */; };
		CE8E590625329A22005E7A17 /* jobs.json in Resources */ = {isa = PBXBuildFile; fileRef = CE8E590525329A22005E7A17 /* jobs.json */; };
		CE8E590C25329A83005E7A17 /* XCTestCaseExtension.swift in Sources */ = {isa = PBXBuildFile; fileRef = CE8E590B25329A83005E7A17 /* XCTestCaseExtension.swift */; };
		CE8E591025329D10005E7A17 /* JobViewModelTests.swift in Sources */ = {isa = PBXBuildFile; fileRef = CE8E590F25329D10005E7A17 /* JobViewModelTests.swift */; };
		CE8E59162532B0B3005E7A17 /* JobMapLocationViewModel.swift in Sources */ = {isa = PBXBuildFile; fileRef = CE8E59152532B0B3005E7A17 /* JobMapLocationViewModel.swift */; };
		CE8E591C2532B4C1005E7A17 /* JobMapViewModelTests.swift in Sources */ = {isa = PBXBuildFile; fileRef = CE8E591B2532B4C1005E7A17 /* JobMapViewModelTests.swift */; };
		CEA78ED6253035B300C33665 /* HttpClient.swift in Sources */ = {isa = PBXBuildFile; fileRef = CEA78ED5253035B300C33665 /* HttpClient.swift */; };
		CEA78EDB2530369600C33665 /* BundleExtension.swift in Sources */ = {isa = PBXBuildFile; fileRef = CEA78EDA2530369600C33665 /* BundleExtension.swift */; };
		CEA78EDF253036D400C33665 /* DataExtension.swift in Sources */ = {isa = PBXBuildFile; fileRef = CEA78EDE253036D400C33665 /* DataExtension.swift */; };
		CEA78EE22530377E00C33665 /* Settings.plist in Resources */ = {isa = PBXBuildFile; fileRef = CEA78EE12530377E00C33665 /* Settings.plist */; };
		CEA78EE6253096EE00C33665 /* APIResponseModel.swift in Sources */ = {isa = PBXBuildFile; fileRef = CEA78EE5253096EE00C33665 /* APIResponseModel.swift */; };
		CEA78EEA2530971800C33665 /* JobModel.swift in Sources */ = {isa = PBXBuildFile; fileRef = CEA78EE92530971800C33665 /* JobModel.swift */; };
		CEA78EED25309C3A00C33665 /* JobListService.swift in Sources */ = {isa = PBXBuildFile; fileRef = CEA78EEC25309C3A00C33665 /* JobListService.swift */; };
		CEA78EF02530B86600C33665 /* PulsateHUD.swift in Sources */ = {isa = PBXBuildFile; fileRef = CEA78EEF2530B86600C33665 /* PulsateHUD.swift */; };
		CEA78EF32530B88D00C33665 /* FloatingAlertView.swift in Sources */ = {isa = PBXBuildFile; fileRef = CEA78EF22530B88D00C33665 /* FloatingAlertView.swift */; };
		CEA78EF62530B8F900C33665 /* Colors.xcassets in Resources */ = {isa = PBXBuildFile; fileRef = CEA78EF52530B8F900C33665 /* Colors.xcassets */; };
		CEA78EF92530BE0100C33665 /* UIImageViewExtension.swift in Sources */ = {isa = PBXBuildFile; fileRef = CEA78EF82530BE0100C33665 /* UIImageViewExtension.swift */; };
		CEA78EFE2530C24E00C33665 /* JobTableViewCell.swift in Sources */ = {isa = PBXBuildFile; fileRef = CEA78EFC2530C24E00C33665 /* JobTableViewCell.swift */; };
		CEA78EFF2530C24E00C33665 /* JobTableViewCell.xib in Resources */ = {isa = PBXBuildFile; fileRef = CEA78EFD2530C24E00C33665 /* JobTableViewCell.xib */; };
		CEA78F022531021300C33665 /* UIViewExtension.swift in Sources */ = {isa = PBXBuildFile; fileRef = CEA78F012531021300C33665 /* UIViewExtension.swift */; };
		CEA85484253199B60017E7AF /* JobListHeaderView.swift in Sources */ = {isa = PBXBuildFile; fileRef = CEA85483253199B60017E7AF /* JobListHeaderView.swift */; };
		CEAE59BC2531B73400E88698 /* JobMapViewController.swift in Sources */ = {isa = PBXBuildFile; fileRef = CEAE59BA2531B73400E88698 /* JobMapViewController.swift */; };
		CEAE59BD2531B73400E88698 /* JobMapViewController.xib in Resources */ = {isa = PBXBuildFile; fileRef = CEAE59BB2531B73400E88698 /* JobMapViewController.xib */; };
		CEAE59C22531DB9D00E88698 /* JobMapService.swift in Sources */ = {isa = PBXBuildFile; fileRef = CEAE59C12531DB9D00E88698 /* JobMapService.swift */; };
		CEAE59C52531DBC400E88698 /* JobMapViewModel.swift in Sources */ = {isa = PBXBuildFile; fileRef = CEAE59C42531DBC400E88698 /* JobMapViewModel.swift */; };
		CEAE59C82531DBF100E88698 /* JobMapLocationViewModel.swift in Sources */ = {isa = PBXBuildFile; fileRef = CEAE59C72531DBF100E88698 /* JobMapLocationViewModel.swift */; };
		CEB57BBA25315E4A00DB491A /* DateExtension.swift in Sources */ = {isa = PBXBuildFile; fileRef = CEB57BB925315E4A00DB491A /* DateExtension.swift */; };
		CEB57BBD25315E7300DB491A /* StringExtension.swift in Sources */ = {isa = PBXBuildFile; fileRef = CEB57BBC25315E7300DB491A /* StringExtension.swift */; };
		CEB57BC02531665B00DB491A /* JobListViewModel.swift in Sources */ = {isa = PBXBuildFile; fileRef = CEB57BBF2531665B00DB491A /* JobListViewModel.swift */; };
		CEB57BC3253166B600DB491A /* BaseViewControllerViewModel.swift in Sources */ = {isa = PBXBuildFile; fileRef = CEB57BC2253166B600DB491A /* BaseViewControllerViewModel.swift */; };
		CEB57BC7253166EA00DB491A /* JobViewModel.swift in Sources */ = {isa = PBXBuildFile; fileRef = CEB57BC6253166EA00DB491A /* JobViewModel.swift */; };
		CEFBC2DA2532BCA700D4D4C8 /* RxBlocking.framework in Frameworks */ = {isa = PBXBuildFile; fileRef = CEFBC2D92532BCA700D4D4C8 /* RxBlocking.framework */; };
		CEFBC2DC2532BCA800D4D4C8 /* RxTest.framework in Frameworks */ = {isa = PBXBuildFile; fileRef = CEFBC2DB2532BCA800D4D4C8 /* RxTest.framework */; };
/* End PBXBuildFile section */

/* Begin PBXContainerItemProxy section */
		CE8E58F825328F5D005E7A17 /* PBXContainerItemProxy */ = {
			isa = PBXContainerItemProxy;
			containerPortal = CE4C28FC252E5E8E00C7C77E /* Project object */;
			proxyType = 1;
			remoteGlobalIDString = CE4C2903252E5E8E00C7C77E;
			remoteInfo = TemperWorks;
		};
/* End PBXContainerItemProxy section */

/* Begin PBXFileReference section */
		2810875D654DBA7E460286E2 /* Pods-TemperWorks-TemperWorksTests.debug.xcconfig */ = {isa = PBXFileReference; includeInIndex = 1; lastKnownFileType = text.xcconfig; name = "Pods-TemperWorks-TemperWorksTests.debug.xcconfig"; path = "Target Support Files/Pods-TemperWorks-TemperWorksTests/Pods-TemperWorks-TemperWorksTests.debug.xcconfig"; sourceTree = "<group>"; };
		5431284A8E30761B41B082BC /* Pods_TemperWorks.framework */ = {isa = PBXFileReference; explicitFileType = wrapper.framework; includeInIndex = 0; path = Pods_TemperWorks.framework; sourceTree = BUILT_PRODUCTS_DIR; };
		62311D24DA847E7C50868471 /* Pods_TemperWorks_TemperWorksTests.framework */ = {isa = PBXFileReference; explicitFileType = wrapper.framework; includeInIndex = 0; path = Pods_TemperWorks_TemperWorksTests.framework; sourceTree = BUILT_PRODUCTS_DIR; };
		7FB35465056D70B61CB26591 /* Pods-TemperWorks.release.xcconfig */ = {isa = PBXFileReference; includeInIndex = 1; lastKnownFileType = text.xcconfig; name = "Pods-TemperWorks.release.xcconfig"; path = "Target Support Files/Pods-TemperWorks/Pods-TemperWorks.release.xcconfig"; sourceTree = "<group>"; };
		804762F9842361237B0A42B9 /* Pods-TemperWorks-TemperWorksTests.release.xcconfig */ = {isa = PBXFileReference; includeInIndex = 1; lastKnownFileType = text.xcconfig; name = "Pods-TemperWorks-TemperWorksTests.release.xcconfig"; path = "Target Support Files/Pods-TemperWorks-TemperWorksTests/Pods-TemperWorks-TemperWorksTests.release.xcconfig"; sourceTree = "<group>"; };
		B82E71205A5911DFBCA843D3 /* Pods-TemperWorks.debug.xcconfig */ = {isa = PBXFileReference; includeInIndex = 1; lastKnownFileType = text.xcconfig; name = "Pods-TemperWorks.debug.xcconfig"; path = "Target Support Files/Pods-TemperWorks/Pods-TemperWorks.debug.xcconfig"; sourceTree = "<group>"; };
		CE4C2904252E5E8E00C7C77E /* TemperWorks.app */ = {isa = PBXFileReference; explicitFileType = wrapper.application; includeInIndex = 0; path = TemperWorks.app; sourceTree = BUILT_PRODUCTS_DIR; };
		CE4C2907252E5E8E00C7C77E /* AppDelegate.swift */ = {isa = PBXFileReference; lastKnownFileType = sourcecode.swift; path = AppDelegate.swift; sourceTree = "<group>"; };
		CE4C2909252E5E8E00C7C77E /* SceneDelegate.swift */ = {isa = PBXFileReference; lastKnownFileType = sourcecode.swift; path = SceneDelegate.swift; sourceTree = "<group>"; };
		CE4C2910252E5E8F00C7C77E /* Assets.xcassets */ = {isa = PBXFileReference; lastKnownFileType = folder.assetcatalog; path = Assets.xcassets; sourceTree = "<group>"; };
		CE4C2913252E5E8F00C7C77E /* Base */ = {isa = PBXFileReference; lastKnownFileType = file.storyboard; name = Base; path = Base.lproj/LaunchScreen.storyboard; sourceTree = "<group>"; };
		CE4C2915252E5E8F00C7C77E /* Info.plist */ = {isa = PBXFileReference; lastKnownFileType = text.plist.xml; path = Info.plist; sourceTree = "<group>"; };
		CE4C2926252E68CB00C7C77E /* AppCoordinator.swift */ = {isa = PBXFileReference; lastKnownFileType = sourcecode.swift; path = AppCoordinator.swift; sourceTree = "<group>"; };
		CE4C292A252E6A2B00C7C77E /* JobListViewController.swift */ = {isa = PBXFileReference; lastKnownFileType = sourcecode.swift; path = JobListViewController.swift; sourceTree = "<group>"; };
		CE4C292B252E6A2B00C7C77E /* JobListViewController.xib */ = {isa = PBXFileReference; lastKnownFileType = file.xib; path = JobListViewController.xib; sourceTree = "<group>"; };
		CE4C2930252E6C6100C7C77E /* BaseViewController.swift */ = {isa = PBXFileReference; lastKnownFileType = sourcecode.swift; path = BaseViewController.swift; sourceTree = "<group>"; };
		CE5583B82532C92D00E8B748 /* TestSchedulerExtension.swift */ = {isa = PBXFileReference; lastKnownFileType = sourcecode.swift; path = TestSchedulerExtension.swift; sourceTree = "<group>"; };
		CE668DAB2531E98A00DFC435 /* GreenButton.swift */ = {isa = PBXFileReference; lastKnownFileType = sourcecode.swift; path = GreenButton.swift; sourceTree = "<group>"; };
		CE8E58E12531FDBB005E7A17 /* SignupViewController.swift */ = {isa = PBXFileReference; lastKnownFileType = sourcecode.swift; path = SignupViewController.swift; sourceTree = "<group>"; };
		CE8E58E22531FDBB005E7A17 /* SignupViewController.xib */ = {isa = PBXFileReference; lastKnownFileType = file.xib; path = SignupViewController.xib; sourceTree = "<group>"; };
		CE8E58E62531FF86005E7A17 /* MobileNumberValidationViewController.swift */ = {isa = PBXFileReference; lastKnownFileType = sourcecode.swift; path = MobileNumberValidationViewController.swift; sourceTree = "<group>"; };
		CE8E58E72531FF86005E7A17 /* MobileNumberValidationViewController.xib */ = {isa = PBXFileReference; lastKnownFileType = file.xib; path = MobileNumberValidationViewController.xib; sourceTree = "<group>"; };
		CE8E58EC253205B7005E7A17 /* UIViewControllerExtension.swift */ = {isa = PBXFileReference; lastKnownFileType = sourcecode.swift; path = UIViewControllerExtension.swift; sourceTree = "<group>"; };
		CE8E58F325328F5D005E7A17 /* TemperWorksTests.xctest */ = {isa = PBXFileReference; explicitFileType = wrapper.cfbundle; includeInIndex = 0; path = TemperWorksTests.xctest; sourceTree = BUILT_PRODUCTS_DIR; };
		CE8E58F725328F5D005E7A17 /* Info.plist */ = {isa = PBXFileReference; lastKnownFileType = text.plist.xml; path = Info.plist; sourceTree = "<group>"; };
		CE8E590125328FD2005E7A17 /* JobListViewModelTests.swift */ = {isa = PBXFileReference; lastKnownFileType = sourcecode.swift; path = JobListViewModelTests.swift; sourceTree = "<group>"; };
		CE8E590525329A22005E7A17 /* jobs.json */ = {isa = PBXFileReference; fileEncoding = 4; lastKnownFileType = text.json; path = jobs.json; sourceTree = "<group>"; };
		CE8E590B25329A83005E7A17 /* XCTestCaseExtension.swift */ = {isa = PBXFileReference; lastKnownFileType = sourcecode.swift; path = XCTestCaseExtension.swift; sourceTree = "<group>"; };
		CE8E590F25329D10005E7A17 /* JobViewModelTests.swift */ = {isa = PBXFileReference; lastKnownFileType = sourcecode.swift; path = JobViewModelTests.swift; sourceTree = "<group>"; };
		CE8E59152532B0B3005E7A17 /* JobMapLocationViewModel.swift */ = {isa = PBXFileReference; lastKnownFileType = sourcecode.swift; path = JobMapLocationViewModel.swift; sourceTree = "<group>"; };
		CE8E591B2532B4C1005E7A17 /* JobMapViewModelTests.swift */ = {isa = PBXFileReference; lastKnownFileType = sourcecode.swift; path = JobMapViewModelTests.swift; sourceTree = "<group>"; };
		CEA78ED5253035B300C33665 /* HttpClient.swift */ = {isa = PBXFileReference; lastKnownFileType = sourcecode.swift; path = HttpClient.swift; sourceTree = "<group>"; };
		CEA78EDA2530369600C33665 /* BundleExtension.swift */ = {isa = PBXFileReference; lastKnownFileType = sourcecode.swift; path = BundleExtension.swift; sourceTree = "<group>"; };
		CEA78EDE253036D400C33665 /* DataExtension.swift */ = {isa = PBXFileReference; lastKnownFileType = sourcecode.swift; path = DataExtension.swift; sourceTree = "<group>"; };
		CEA78EE12530377E00C33665 /* Settings.plist */ = {isa = PBXFileReference; lastKnownFileType = text.plist.xml; path = Settings.plist; sourceTree = "<group>"; };
		CEA78EE5253096EE00C33665 /* APIResponseModel.swift */ = {isa = PBXFileReference; lastKnownFileType = sourcecode.swift; path = APIResponseModel.swift; sourceTree = "<group>"; };
		CEA78EE92530971800C33665 /* JobModel.swift */ = {isa = PBXFileReference; lastKnownFileType = sourcecode.swift; path = JobModel.swift; sourceTree = "<group>"; };
		CEA78EEC25309C3A00C33665 /* JobListService.swift */ = {isa = PBXFileReference; lastKnownFileType = sourcecode.swift; path = JobListService.swift; sourceTree = "<group>"; };
		CEA78EEF2530B86600C33665 /* PulsateHUD.swift */ = {isa = PBXFileReference; lastKnownFileType = sourcecode.swift; path = PulsateHUD.swift; sourceTree = "<group>"; };
		CEA78EF22530B88D00C33665 /* FloatingAlertView.swift */ = {isa = PBXFileReference; lastKnownFileType = sourcecode.swift; path = FloatingAlertView.swift; sourceTree = "<group>"; };
		CEA78EF52530B8F900C33665 /* Colors.xcassets */ = {isa = PBXFileReference; lastKnownFileType = folder.assetcatalog; path = Colors.xcassets; sourceTree = "<group>"; };
		CEA78EF82530BE0100C33665 /* UIImageViewExtension.swift */ = {isa = PBXFileReference; lastKnownFileType = sourcecode.swift; path = UIImageViewExtension.swift; sourceTree = "<group>"; };
		CEA78EFC2530C24E00C33665 /* JobTableViewCell.swift */ = {isa = PBXFileReference; lastKnownFileType = sourcecode.swift; path = JobTableViewCell.swift; sourceTree = "<group>"; };
		CEA78EFD2530C24E00C33665 /* JobTableViewCell.xib */ = {isa = PBXFileReference; lastKnownFileType = file.xib; path = JobTableViewCell.xib; sourceTree = "<group>"; };
		CEA78F012531021300C33665 /* UIViewExtension.swift */ = {isa = PBXFileReference; lastKnownFileType = sourcecode.swift; path = UIViewExtension.swift; sourceTree = "<group>"; };
		CEA85483253199B60017E7AF /* JobListHeaderView.swift */ = {isa = PBXFileReference; lastKnownFileType = sourcecode.swift; path = JobListHeaderView.swift; sourceTree = "<group>"; };
		CEAE59BA2531B73400E88698 /* JobMapViewController.swift */ = {isa = PBXFileReference; lastKnownFileType = sourcecode.swift; path = JobMapViewController.swift; sourceTree = "<group>"; };
		CEAE59BB2531B73400E88698 /* JobMapViewController.xib */ = {isa = PBXFileReference; lastKnownFileType = file.xib; path = JobMapViewController.xib; sourceTree = "<group>"; };
		CEAE59C12531DB9D00E88698 /* JobMapService.swift */ = {isa = PBXFileReference; lastKnownFileType = sourcecode.swift; path = JobMapService.swift; sourceTree = "<group>"; };
		CEAE59C42531DBC400E88698 /* JobMapViewModel.swift */ = {isa = PBXFileReference; lastKnownFileType = sourcecode.swift; path = JobMapViewModel.swift; sourceTree = "<group>"; };
		CEAE59C72531DBF100E88698 /* JobMapLocationViewModel.swift */ = {isa = PBXFileReference; lastKnownFileType = sourcecode.swift; path = JobMapLocationViewModel.swift; sourceTree = "<group>"; };
		CEB57BB925315E4A00DB491A /* DateExtension.swift */ = {isa = PBXFileReference; lastKnownFileType = sourcecode.swift; path = DateExtension.swift; sourceTree = "<group>"; };
		CEB57BBC25315E7300DB491A /* StringExtension.swift */ = {isa = PBXFileReference; lastKnownFileType = sourcecode.swift; path = StringExtension.swift; sourceTree = "<group>"; };
		CEB57BBF2531665B00DB491A /* JobListViewModel.swift */ = {isa = PBXFileReference; lastKnownFileType = sourcecode.swift; path = JobListViewModel.swift; sourceTree = "<group>"; };
		CEB57BC2253166B600DB491A /* BaseViewControllerViewModel.swift */ = {isa = PBXFileReference; lastKnownFileType = sourcecode.swift; path = BaseViewControllerViewModel.swift; sourceTree = "<group>"; };
		CEB57BC6253166EA00DB491A /* JobViewModel.swift */ = {isa = PBXFileReference; lastKnownFileType = sourcecode.swift; path = JobViewModel.swift; sourceTree = "<group>"; };
		CEFBC2D92532BCA700D4D4C8 /* RxBlocking.framework */ = {isa = PBXFileReference; explicitFileType = wrapper.framework; path = RxBlocking.framework; sourceTree = BUILT_PRODUCTS_DIR; };
		CEFBC2DB2532BCA800D4D4C8 /* RxTest.framework */ = {isa = PBXFileReference; explicitFileType = wrapper.framework; path = RxTest.framework; sourceTree = BUILT_PRODUCTS_DIR; };
/* End PBXFileReference section */

/* Begin PBXFrameworksBuildPhase section */
		CE4C2901252E5E8E00C7C77E /* Frameworks */ = {
			isa = PBXFrameworksBuildPhase;
			buildActionMask = 2147483647;
			files = (
				0BE0998EB0BD44A97585DEB6 /* Pods_TemperWorks.framework in Frameworks */,
			);
			runOnlyForDeploymentPostprocessing = 0;
		};
		CE8E58F025328F5D005E7A17 /* Frameworks */ = {
			isa = PBXFrameworksBuildPhase;
			buildActionMask = 2147483647;
			files = (
				CEFBC2DA2532BCA700D4D4C8 /* RxBlocking.framework in Frameworks */,
				CEFBC2DC2532BCA800D4D4C8 /* RxTest.framework in Frameworks */,
				A5E0B5147266FDED7D95DC0D /* Pods_TemperWorks_TemperWorksTests.framework in Frameworks */,
			);
			runOnlyForDeploymentPostprocessing = 0;
		};
/* End PBXFrameworksBuildPhase section */

/* Begin PBXGroup section */
		3299B3DC7C5F4D169D1F8930 /* Frameworks */ = {
			isa = PBXGroup;
			children = (
				CEFBC2D92532BCA700D4D4C8 /* RxBlocking.framework */,
				CEFBC2DB2532BCA800D4D4C8 /* RxTest.framework */,
				5431284A8E30761B41B082BC /* Pods_TemperWorks.framework */,
				62311D24DA847E7C50868471 /* Pods_TemperWorks_TemperWorksTests.framework */,
			);
			name = Frameworks;
			sourceTree = "<group>";
		};
		4428C4F101895BDFA204528A /* Pods */ = {
			isa = PBXGroup;
			children = (
				B82E71205A5911DFBCA843D3 /* Pods-TemperWorks.debug.xcconfig */,
				7FB35465056D70B61CB26591 /* Pods-TemperWorks.release.xcconfig */,
				2810875D654DBA7E460286E2 /* Pods-TemperWorks-TemperWorksTests.debug.xcconfig */,
				804762F9842361237B0A42B9 /* Pods-TemperWorks-TemperWorksTests.release.xcconfig */,
			);
			path = Pods;
			sourceTree = "<group>";
		};
		CE4C28FB252E5E8E00C7C77E = {
			isa = PBXGroup;
			children = (
				CE4C2906252E5E8E00C7C77E /* TemperWorks */,
				CE8E58F425328F5D005E7A17 /* TemperWorksTests */,
				CE4C2905252E5E8E00C7C77E /* Products */,
				4428C4F101895BDFA204528A /* Pods */,
				3299B3DC7C5F4D169D1F8930 /* Frameworks */,
			);
			sourceTree = "<group>";
		};
		CE4C2905252E5E8E00C7C77E /* Products */ = {
			isa = PBXGroup;
			children = (
				CE4C2904252E5E8E00C7C77E /* TemperWorks.app */,
				CE8E58F325328F5D005E7A17 /* TemperWorksTests.xctest */,
			);
			name = Products;
			sourceTree = "<group>";
		};
		CE4C2906252E5E8E00C7C77E /* TemperWorks */ = {
			isa = PBXGroup;
			children = (
				CE8E58DD2531FCF3005E7A17 /* Authorization */,
				CEB57BCC253167EA00DB491A /* Base */,
				CEB57BCB253167D400DB491A /* CommonUI */,
				CEA78ED92530360600C33665 /* Extensions */,
				CEA78ED42530359100C33665 /* Clients */,
				CE4C2929252E69BD00C7C77E /* JobList */,
				CEAE59B92531B6C300E88698 /* JobMap */,
				CE4C2907252E5E8E00C7C77E /* AppDelegate.swift */,
				CE4C2909252E5E8E00C7C77E /* SceneDelegate.swift */,
				CE4C2926252E68CB00C7C77E /* AppCoordinator.swift */,
				CEA78EE5253096EE00C33665 /* APIResponseModel.swift */,
				CE4C2910252E5E8F00C7C77E /* Assets.xcassets */,
				CEA78EF52530B8F900C33665 /* Colors.xcassets */,
				CE4C2912252E5E8F00C7C77E /* LaunchScreen.storyboard */,
				CE4C2915252E5E8F00C7C77E /* Info.plist */,
				CEA78EE12530377E00C33665 /* Settings.plist */,
			);
			path = TemperWorks;
			sourceTree = "<group>";
		};
		CE4C2929252E69BD00C7C77E /* JobList */ = {
			isa = PBXGroup;
			children = (
				CE4C292A252E6A2B00C7C77E /* JobListViewController.swift */,
				CE4C292B252E6A2B00C7C77E /* JobListViewController.xib */,
				CEB57BC5253166DC00DB491A /* ViewModels */,
				CEB57BCA2531679C00DB491A /* Service */,
				CEA78EE4253096D900C33665 /* Models */,
				CEA78EFB2530C21F00C33665 /* Views */,
			);
			path = JobList;
			sourceTree = "<group>";
		};
		CE8E58DD2531FCF3005E7A17 /* Authorization */ = {
			isa = PBXGroup;
			children = (
				CE8E58E02531FD6F005E7A17 /* MobileNumberValidation */,
				CE8E58DE2531FD00005E7A17 /* Signup */,
			);
			path = Authorization;
			sourceTree = "<group>";
		};
		CE8E58DE2531FD00005E7A17 /* Signup */ = {
			isa = PBXGroup;
			children = (
				CE8E58E12531FDBB005E7A17 /* SignupViewController.swift */,
				CE8E58E22531FDBB005E7A17 /* SignupViewController.xib */,
			);
			path = Signup;
			sourceTree = "<group>";
		};
		CE8E58E02531FD6F005E7A17 /* MobileNumberValidation */ = {
			isa = PBXGroup;
			children = (
				CE8E58E62531FF86005E7A17 /* MobileNumberValidationViewController.swift */,
				CE8E58E72531FF86005E7A17 /* MobileNumberValidationViewController.xib */,
			);
			path = MobileNumberValidation;
			sourceTree = "<group>";
		};
		CE8E58F425328F5D005E7A17 /* TemperWorksTests */ = {
			isa = PBXGroup;
			children = (
				CE8E59142532B081005E7A17 /* Extensions */,
				CE8E59132532B06F005E7A17 /* Resources */,
				CE8E58F725328F5D005E7A17 /* Info.plist */,
				CE8E590125328FD2005E7A17 /* JobListViewModelTests.swift */,
				CE8E590F25329D10005E7A17 /* JobViewModelTests.swift */,
				CE8E59152532B0B3005E7A17 /* JobMapLocationViewModel.swift */,
				CE8E591B2532B4C1005E7A17 /* JobMapViewModelTests.swift */,
			);
			path = TemperWorksTests;
			sourceTree = "<group>";
		};
		CE8E59132532B06F005E7A17 /* Resources */ = {
			isa = PBXGroup;
			children = (
				CE8E590525329A22005E7A17 /* jobs.json */,
			);
			path = Resources;
			sourceTree = "<group>";
		};
		CE8E59142532B081005E7A17 /* Extensions */ = {
			isa = PBXGroup;
			children = (
				CE8E590B25329A83005E7A17 /* XCTestCaseExtension.swift */,
				CE5583B82532C92D00E8B748 /* TestSchedulerExtension.swift */,
			);
			path = Extensions;
			sourceTree = "<group>";
		};
		CEA78ED42530359100C33665 /* Clients */ = {
			isa = PBXGroup;
			children = (
				CEA78ED5253035B300C33665 /* HttpClient.swift */,
			);
			path = Clients;
			sourceTree = "<group>";
		};
		CEA78ED92530360600C33665 /* Extensions */ = {
			isa = PBXGroup;
			children = (
				CEA78EDA2530369600C33665 /* BundleExtension.swift */,
				CEA78EDE253036D400C33665 /* DataExtension.swift */,
				CEA78EF82530BE0100C33665 /* UIImageViewExtension.swift */,
				CEA78F012531021300C33665 /* UIViewExtension.swift */,
				CEB57BB925315E4A00DB491A /* DateExtension.swift */,
				CEB57BBC25315E7300DB491A /* StringExtension.swift */,
				CE8E58EC253205B7005E7A17 /* UIViewControllerExtension.swift */,
			);
			path = Extensions;
			sourceTree = "<group>";
		};
		CEA78EE4253096D900C33665 /* Models */ = {
			isa = PBXGroup;
			children = (
				CEA78EE92530971800C33665 /* JobModel.swift */,
			);
			path = Models;
			sourceTree = "<group>";
		};
		CEA78EFB2530C21F00C33665 /* Views */ = {
			isa = PBXGroup;
			children = (
				CEA78EFC2530C24E00C33665 /* JobTableViewCell.swift */,
				CEA78EFD2530C24E00C33665 /* JobTableViewCell.xib */,
				CEA85483253199B60017E7AF /* JobListHeaderView.swift */,
			);
			path = Views;
			sourceTree = "<group>";
		};
		CEAE59B92531B6C300E88698 /* JobMap */ = {
			isa = PBXGroup;
			children = (
				CEAE59CB2531DFAA00E88698 /* Service */,
				CEAE59CA2531DF9500E88698 /* ViewModels */,
				CEAE59BA2531B73400E88698 /* JobMapViewController.swift */,
				CEAE59BB2531B73400E88698 /* JobMapViewController.xib */,
			);
			path = JobMap;
			sourceTree = "<group>";
		};
		CEAE59CA2531DF9500E88698 /* ViewModels */ = {
			isa = PBXGroup;
			children = (
				CEAE59C72531DBF100E88698 /* JobMapLocationViewModel.swift */,
				CEAE59C42531DBC400E88698 /* JobMapViewModel.swift */,
			);
			path = ViewModels;
			sourceTree = "<group>";
		};
		CEAE59CB2531DFAA00E88698 /* Service */ = {
			isa = PBXGroup;
			children = (
				CEAE59C12531DB9D00E88698 /* JobMapService.swift */,
			);
			path = Service;
			sourceTree = "<group>";
		};
		CEB57BC5253166DC00DB491A /* ViewModels */ = {
			isa = PBXGroup;
			children = (
				CEB57BC6253166EA00DB491A /* JobViewModel.swift */,
				CEB57BBF2531665B00DB491A /* JobListViewModel.swift */,
			);
			path = ViewModels;
			sourceTree = "<group>";
		};
		CEB57BCA2531679C00DB491A /* Service */ = {
			isa = PBXGroup;
			children = (
				CEA78EEC25309C3A00C33665 /* JobListService.swift */,
			);
			path = Service;
			sourceTree = "<group>";
		};
		CEB57BCB253167D400DB491A /* CommonUI */ = {
			isa = PBXGroup;
			children = (
				CEA78EEF2530B86600C33665 /* PulsateHUD.swift */,
				CEA78EF22530B88D00C33665 /* FloatingAlertView.swift */,
				CE668DAB2531E98A00DFC435 /* GreenButton.swift */,
			);
			path = CommonUI;
			sourceTree = "<group>";
		};
		CEB57BCC253167EA00DB491A /* Base */ = {
			isa = PBXGroup;
			children = (
				CEB57BC2253166B600DB491A /* BaseViewControllerViewModel.swift */,
				CE4C2930252E6C6100C7C77E /* BaseViewController.swift */,
			);
			path = Base;
			sourceTree = "<group>";
		};
/* End PBXGroup section */

/* Begin PBXNativeTarget section */
		CE4C2903252E5E8E00C7C77E /* TemperWorks */ = {
			isa = PBXNativeTarget;
			buildConfigurationList = CE4C2918252E5E8F00C7C77E /* Build configuration list for PBXNativeTarget "TemperWorks" */;
			buildPhases = (
				7DB79692FDCCBDA0F50E4D34 /* [CP] Check Pods Manifest.lock */,
				CE4C2900252E5E8E00C7C77E /* Sources */,
				CE4C2901252E5E8E00C7C77E /* Frameworks */,
				CE4C2902252E5E8E00C7C77E /* Resources */,
				28F9E7025CB798C264FC8E06 /* [CP] Embed Pods Frameworks */,
			);
			buildRules = (
			);
			dependencies = (
			);
			name = TemperWorks;
			productName = TemperWorks;
			productReference = CE4C2904252E5E8E00C7C77E /* TemperWorks.app */;
			productType = "com.apple.product-type.application";
		};
		CE8E58F225328F5D005E7A17 /* TemperWorksTests */ = {
			isa = PBXNativeTarget;
			buildConfigurationList = CE8E58FA25328F5D005E7A17 /* Build configuration list for PBXNativeTarget "TemperWorksTests" */;
			buildPhases = (
				E3244C05DB5B89740997A86D /* [CP] Check Pods Manifest.lock */,
				CE8E58EF25328F5D005E7A17 /* Sources */,
				CE8E58F025328F5D005E7A17 /* Frameworks */,
				CE8E58F125328F5D005E7A17 /* Resources */,
				D9CCB1585E65007BBE2AEE05 /* [CP] Embed Pods Frameworks */,
			);
			buildRules = (
			);
			dependencies = (
				CE8E58F925328F5D005E7A17 /* PBXTargetDependency */,
			);
			name = TemperWorksTests;
			productName = TemperWorksTests;
			productReference = CE8E58F325328F5D005E7A17 /* TemperWorksTests.xctest */;
			productType = "com.apple.product-type.bundle.unit-test";
		};
/* End PBXNativeTarget section */

/* Begin PBXProject section */
		CE4C28FC252E5E8E00C7C77E /* Project object */ = {
			isa = PBXProject;
			attributes = {
				LastSwiftUpdateCheck = 1200;
				LastUpgradeCheck = 1200;
				TargetAttributes = {
					CE4C2903252E5E8E00C7C77E = {
						CreatedOnToolsVersion = 12.0;
					};
					CE8E58F225328F5D005E7A17 = {
						CreatedOnToolsVersion = 12.0.1;
						LastSwiftMigration = 1200;
						TestTargetID = CE4C2903252E5E8E00C7C77E;
					};
				};
			};
			buildConfigurationList = CE4C28FF252E5E8E00C7C77E /* Build configuration list for PBXProject "TemperWorks" */;
			compatibilityVersion = "Xcode 9.3";
			developmentRegion = en;
			hasScannedForEncodings = 0;
			knownRegions = (
				en,
				Base,
			);
			mainGroup = CE4C28FB252E5E8E00C7C77E;
			productRefGroup = CE4C2905252E5E8E00C7C77E /* Products */;
			projectDirPath = "";
			projectRoot = "";
			targets = (
				CE4C2903252E5E8E00C7C77E /* TemperWorks */,
				CE8E58F225328F5D005E7A17 /* TemperWorksTests */,
			);
		};
/* End PBXProject section */

/* Begin PBXResourcesBuildPhase section */
		CE4C2902252E5E8E00C7C77E /* Resources */ = {
			isa = PBXResourcesBuildPhase;
			buildActionMask = 2147483647;
			files = (
				CEAE59BD2531B73400E88698 /* JobMapViewController.xib in Resources */,
				CEA78EF62530B8F900C33665 /* Colors.xcassets in Resources */,
				CE4C2914252E5E8F00C7C77E /* LaunchScreen.storyboard in Resources */,
				CEA78EE22530377E00C33665 /* Settings.plist in Resources */,
				CE4C2911252E5E8F00C7C77E /* Assets.xcassets in Resources */,
				CE8E58E92531FF86005E7A17 /* MobileNumberValidationViewController.xib in Resources */,
				CE4C292D252E6A2B00C7C77E /* JobListViewController.xib in Resources */,
				CE8E58E42531FDBB005E7A17 /* SignupViewController.xib in Resources */,
				CEA78EFF2530C24E00C33665 /* JobTableViewCell.xib in Resources */,
			);
			runOnlyForDeploymentPostprocessing = 0;
		};
		CE8E58F125328F5D005E7A17 /* Resources */ = {
			isa = PBXResourcesBuildPhase;
			buildActionMask = 2147483647;
			files = (
				CE8E590625329A22005E7A17 /* jobs.json in Resources */,
			);
			runOnlyForDeploymentPostprocessing = 0;
		};
/* End PBXResourcesBuildPhase section */

/* Begin PBXShellScriptBuildPhase section */
		28F9E7025CB798C264FC8E06 /* [CP] Embed Pods Frameworks */ = {
			isa = PBXShellScriptBuildPhase;
			buildActionMask = 2147483647;
			files = (
			);
			inputFileListPaths = (
				"${PODS_ROOT}/Target Support Files/Pods-TemperWorks/Pods-TemperWorks-frameworks-${CONFIGURATION}-input-files.xcfilelist",
			);
			name = "[CP] Embed Pods Frameworks";
			outputFileListPaths = (
				"${PODS_ROOT}/Target Support Files/Pods-TemperWorks/Pods-TemperWorks-frameworks-${CONFIGURATION}-output-files.xcfilelist",
			);
			runOnlyForDeploymentPostprocessing = 0;
			shellPath = /bin/sh;
			shellScript = "\"${PODS_ROOT}/Target Support Files/Pods-TemperWorks/Pods-TemperWorks-frameworks.sh\"\n";
			showEnvVarsInLog = 0;
		};
		7DB79692FDCCBDA0F50E4D34 /* [CP] Check Pods Manifest.lock */ = {
			isa = PBXShellScriptBuildPhase;
			buildActionMask = 2147483647;
			files = (
			);
			inputFileListPaths = (
			);
			inputPaths = (
				"${PODS_PODFILE_DIR_PATH}/Podfile.lock",
				"${PODS_ROOT}/Manifest.lock",
			);
			name = "[CP] Check Pods Manifest.lock";
			outputFileListPaths = (
			);
			outputPaths = (
				"$(DERIVED_FILE_DIR)/Pods-TemperWorks-checkManifestLockResult.txt",
			);
			runOnlyForDeploymentPostprocessing = 0;
			shellPath = /bin/sh;
			shellScript = "diff \"${PODS_PODFILE_DIR_PATH}/Podfile.lock\" \"${PODS_ROOT}/Manifest.lock\" > /dev/null\nif [ $? != 0 ] ; then\n    # print error to STDERR\n    echo \"error: The sandbox is not in sync with the Podfile.lock. Run 'pod install' or update your CocoaPods installation.\" >&2\n    exit 1\nfi\n# This output is used by Xcode 'outputs' to avoid re-running this script phase.\necho \"SUCCESS\" > \"${SCRIPT_OUTPUT_FILE_0}\"\n";
			showEnvVarsInLog = 0;
		};
		D9CCB1585E65007BBE2AEE05 /* [CP] Embed Pods Frameworks */ = {
			isa = PBXShellScriptBuildPhase;
			buildActionMask = 2147483647;
			files = (
			);
			inputFileListPaths = (
				"${PODS_ROOT}/Target Support Files/Pods-TemperWorks-TemperWorksTests/Pods-TemperWorks-TemperWorksTests-frameworks-${CONFIGURATION}-input-files.xcfilelist",
			);
			name = "[CP] Embed Pods Frameworks";
			outputFileListPaths = (
				"${PODS_ROOT}/Target Support Files/Pods-TemperWorks-TemperWorksTests/Pods-TemperWorks-TemperWorksTests-frameworks-${CONFIGURATION}-output-files.xcfilelist",
			);
			runOnlyForDeploymentPostprocessing = 0;
			shellPath = /bin/sh;
			shellScript = "\"${PODS_ROOT}/Target Support Files/Pods-TemperWorks-TemperWorksTests/Pods-TemperWorks-TemperWorksTests-frameworks.sh\"\n";
			showEnvVarsInLog = 0;
		};
		E3244C05DB5B89740997A86D /* [CP] Check Pods Manifest.lock */ = {
			isa = PBXShellScriptBuildPhase;
			buildActionMask = 2147483647;
			files = (
			);
			inputFileListPaths = (
			);
			inputPaths = (
				"${PODS_PODFILE_DIR_PATH}/Podfile.lock",
				"${PODS_ROOT}/Manifest.lock",
			);
			name = "[CP] Check Pods Manifest.lock";
			outputFileListPaths = (
			);
			outputPaths = (
				"$(DERIVED_FILE_DIR)/Pods-TemperWorks-TemperWorksTests-checkManifestLockResult.txt",
			);
			runOnlyForDeploymentPostprocessing = 0;
			shellPath = /bin/sh;
			shellScript = "diff \"${PODS_PODFILE_DIR_PATH}/Podfile.lock\" \"${PODS_ROOT}/Manifest.lock\" > /dev/null\nif [ $? != 0 ] ; then\n    # print error to STDERR\n    echo \"error: The sandbox is not in sync with the Podfile.lock. Run 'pod install' or update your CocoaPods installation.\" >&2\n    exit 1\nfi\n# This output is used by Xcode 'outputs' to avoid re-running this script phase.\necho \"SUCCESS\" > \"${SCRIPT_OUTPUT_FILE_0}\"\n";
			showEnvVarsInLog = 0;
		};
/* End PBXShellScriptBuildPhase section */

/* Begin PBXSourcesBuildPhase section */
		CE4C2900252E5E8E00C7C77E /* Sources */ = {
			isa = PBXSourcesBuildPhase;
			buildActionMask = 2147483647;
			files = (
				CEAE59C82531DBF100E88698 /* JobMapLocationViewModel.swift in Sources */,
				CEA78EF32530B88D00C33665 /* FloatingAlertView.swift in Sources */,
				CE8E58ED253205B7005E7A17 /* UIViewControllerExtension.swift in Sources */,
				CE8E58E82531FF86005E7A17 /* MobileNumberValidationViewController.swift in Sources */,
				CEB57BBA25315E4A00DB491A /* DateExtension.swift in Sources */,
				CEB57BC7253166EA00DB491A /* JobViewModel.swift in Sources */,
				CE4C2931252E6C6100C7C77E /* BaseViewController.swift in Sources */,
				CEA78EED25309C3A00C33665 /* JobListService.swift in Sources */,
				CEA78EF02530B86600C33665 /* PulsateHUD.swift in Sources */,
				CEA78EEA2530971800C33665 /* JobModel.swift in Sources */,
				CEA78EE6253096EE00C33665 /* APIResponseModel.swift in Sources */,
				CEAE59C22531DB9D00E88698 /* JobMapService.swift in Sources */,
				CEA78F022531021300C33665 /* UIViewExtension.swift in Sources */,
				CEA85484253199B60017E7AF /* JobListHeaderView.swift in Sources */,
				CE4C292C252E6A2B00C7C77E /* JobListViewController.swift in Sources */,
				CE4C2927252E68CB00C7C77E /* AppCoordinator.swift in Sources */,
				CEA78EF92530BE0100C33665 /* UIImageViewExtension.swift in Sources */,
				CEA78EFE2530C24E00C33665 /* JobTableViewCell.swift in Sources */,
				CEA78EDB2530369600C33665 /* BundleExtension.swift in Sources */,
				CEAE59BC2531B73400E88698 /* JobMapViewController.swift in Sources */,
				CE4C2908252E5E8E00C7C77E /* AppDelegate.swift in Sources */,
				CEAE59C52531DBC400E88698 /* JobMapViewModel.swift in Sources */,
				CEB57BBD25315E7300DB491A /* StringExtension.swift in Sources */,
				CEB57BC02531665B00DB491A /* JobListViewModel.swift in Sources */,
				CE8E58E32531FDBB005E7A17 /* SignupViewController.swift in Sources */,
				CEA78EDF253036D400C33665 /* DataExtension.swift in Sources */,
				CEA78ED6253035B300C33665 /* HttpClient.swift in Sources */,
				CEB57BC3253166B600DB491A /* BaseViewControllerViewModel.swift in Sources */,
				CE668DAC2531E98A00DFC435 /* GreenButton.swift in Sources */,
				CE4C290A252E5E8E00C7C77E /* SceneDelegate.swift in Sources */,
			);
			runOnlyForDeploymentPostprocessing = 0;
		};
		CE8E58EF25328F5D005E7A17 /* Sources */ = {
			isa = PBXSourcesBuildPhase;
			buildActionMask = 2147483647;
			files = (
				CE8E590C25329A83005E7A17 /* XCTestCaseExtension.swift in Sources */,
				CE8E591025329D10005E7A17 /* JobViewModelTests.swift in Sources */,
				CE8E59162532B0B3005E7A17 /* JobMapLocationViewModel.swift in Sources */,
				CE8E590225328FD2005E7A17 /* JobListViewModelTests.swift in Sources */,
				CE8E591C2532B4C1005E7A17 /* JobMapViewModelTests.swift in Sources */,
				CE5583B92532C92D00E8B748 /* TestSchedulerExtension.swift in Sources */,
			);
			runOnlyForDeploymentPostprocessing = 0;
		};
/* End PBXSourcesBuildPhase section */

/* Begin PBXTargetDependency section */
		CE8E58F925328F5D005E7A17 /* PBXTargetDependency */ = {
			isa = PBXTargetDependency;
			target = CE4C2903252E5E8E00C7C77E /* TemperWorks */;
			targetProxy = CE8E58F825328F5D005E7A17 /* PBXContainerItemProxy */;
		};
/* End PBXTargetDependency section */

/* Begin PBXVariantGroup section */
		CE4C2912252E5E8F00C7C77E /* LaunchScreen.storyboard */ = {
			isa = PBXVariantGroup;
			children = (
				CE4C2913252E5E8F00C7C77E /* Base */,
			);
			name = LaunchScreen.storyboard;
			sourceTree = "<group>";
		};
/* End PBXVariantGroup section */

/* Begin XCBuildConfiguration section */
		CE4C2916252E5E8F00C7C77E /* Debug */ = {
			isa = XCBuildConfiguration;
			buildSettings = {
				ALWAYS_SEARCH_USER_PATHS = NO;
				CLANG_ANALYZER_NONNULL = YES;
				CLANG_ANALYZER_NUMBER_OBJECT_CONVERSION = YES_AGGRESSIVE;
				CLANG_CXX_LANGUAGE_STANDARD = "gnu++14";
				CLANG_CXX_LIBRARY = "libc++";
				CLANG_ENABLE_MODULES = YES;
				CLANG_ENABLE_OBJC_ARC = YES;
				CLANG_ENABLE_OBJC_WEAK = YES;
				CLANG_WARN_BLOCK_CAPTURE_AUTORELEASING = YES;
				CLANG_WARN_BOOL_CONVERSION = YES;
				CLANG_WARN_COMMA = YES;
				CLANG_WARN_CONSTANT_CONVERSION = YES;
				CLANG_WARN_DEPRECATED_OBJC_IMPLEMENTATIONS = YES;
				CLANG_WARN_DIRECT_OBJC_ISA_USAGE = YES_ERROR;
				CLANG_WARN_DOCUMENTATION_COMMENTS = YES;
				CLANG_WARN_EMPTY_BODY = YES;
				CLANG_WARN_ENUM_CONVERSION = YES;
				CLANG_WARN_INFINITE_RECURSION = YES;
				CLANG_WARN_INT_CONVERSION = YES;
				CLANG_WARN_NON_LITERAL_NULL_CONVERSION = YES;
				CLANG_WARN_OBJC_IMPLICIT_RETAIN_SELF = YES;
				CLANG_WARN_OBJC_LITERAL_CONVERSION = YES;
				CLANG_WARN_OBJC_ROOT_CLASS = YES_ERROR;
				CLANG_WARN_QUOTED_INCLUDE_IN_FRAMEWORK_HEADER = YES;
				CLANG_WARN_RANGE_LOOP_ANALYSIS = YES;
				CLANG_WARN_STRICT_PROTOTYPES = YES;
				CLANG_WARN_SUSPICIOUS_MOVE = YES;
				CLANG_WARN_UNGUARDED_AVAILABILITY = YES_AGGRESSIVE;
				CLANG_WARN_UNREACHABLE_CODE = YES;
				CLANG_WARN__DUPLICATE_METHOD_MATCH = YES;
				COPY_PHASE_STRIP = NO;
				DEBUG_INFORMATION_FORMAT = dwarf;
				ENABLE_STRICT_OBJC_MSGSEND = YES;
				ENABLE_TESTABILITY = YES;
				GCC_C_LANGUAGE_STANDARD = gnu11;
				GCC_DYNAMIC_NO_PIC = NO;
				GCC_NO_COMMON_BLOCKS = YES;
				GCC_OPTIMIZATION_LEVEL = 0;
				GCC_PREPROCESSOR_DEFINITIONS = (
					"DEBUG=1",
					"$(inherited)",
				);
				GCC_WARN_64_TO_32_BIT_CONVERSION = YES;
				GCC_WARN_ABOUT_RETURN_TYPE = YES_ERROR;
				GCC_WARN_UNDECLARED_SELECTOR = YES;
				GCC_WARN_UNINITIALIZED_AUTOS = YES_AGGRESSIVE;
				GCC_WARN_UNUSED_FUNCTION = YES;
				GCC_WARN_UNUSED_VARIABLE = YES;
				IPHONEOS_DEPLOYMENT_TARGET = 14.0;
				MTL_ENABLE_DEBUG_INFO = INCLUDE_SOURCE;
				MTL_FAST_MATH = YES;
				ONLY_ACTIVE_ARCH = YES;
				SDKROOT = iphoneos;
				SWIFT_ACTIVE_COMPILATION_CONDITIONS = DEBUG;
				SWIFT_OPTIMIZATION_LEVEL = "-Onone";
			};
			name = Debug;
		};
		CE4C2917252E5E8F00C7C77E /* Release */ = {
			isa = XCBuildConfiguration;
			buildSettings = {
				ALWAYS_SEARCH_USER_PATHS = NO;
				CLANG_ANALYZER_NONNULL = YES;
				CLANG_ANALYZER_NUMBER_OBJECT_CONVERSION = YES_AGGRESSIVE;
				CLANG_CXX_LANGUAGE_STANDARD = "gnu++14";
				CLANG_CXX_LIBRARY = "libc++";
				CLANG_ENABLE_MODULES = YES;
				CLANG_ENABLE_OBJC_ARC = YES;
				CLANG_ENABLE_OBJC_WEAK = YES;
				CLANG_WARN_BLOCK_CAPTURE_AUTORELEASING = YES;
				CLANG_WARN_BOOL_CONVERSION = YES;
				CLANG_WARN_COMMA = YES;
				CLANG_WARN_CONSTANT_CONVERSION = YES;
				CLANG_WARN_DEPRECATED_OBJC_IMPLEMENTATIONS = YES;
				CLANG_WARN_DIRECT_OBJC_ISA_USAGE = YES_ERROR;
				CLANG_WARN_DOCUMENTATION_COMMENTS = YES;
				CLANG_WARN_EMPTY_BODY = YES;
				CLANG_WARN_ENUM_CONVERSION = YES;
				CLANG_WARN_INFINITE_RECURSION = YES;
				CLANG_WARN_INT_CONVERSION = YES;
				CLANG_WARN_NON_LITERAL_NULL_CONVERSION = YES;
				CLANG_WARN_OBJC_IMPLICIT_RETAIN_SELF = YES;
				CLANG_WARN_OBJC_LITERAL_CONVERSION = YES;
				CLANG_WARN_OBJC_ROOT_CLASS = YES_ERROR;
				CLANG_WARN_QUOTED_INCLUDE_IN_FRAMEWORK_HEADER = YES;
				CLANG_WARN_RANGE_LOOP_ANALYSIS = YES;
				CLANG_WARN_STRICT_PROTOTYPES = YES;
				CLANG_WARN_SUSPICIOUS_MOVE = YES;
				CLANG_WARN_UNGUARDED_AVAILABILITY = YES_AGGRESSIVE;
				CLANG_WARN_UNREACHABLE_CODE = YES;
				CLANG_WARN__DUPLICATE_METHOD_MATCH = YES;
				COPY_PHASE_STRIP = NO;
				DEBUG_INFORMATION_FORMAT = "dwarf-with-dsym";
				ENABLE_NS_ASSERTIONS = NO;
				ENABLE_STRICT_OBJC_MSGSEND = YES;
				GCC_C_LANGUAGE_STANDARD = gnu11;
				GCC_NO_COMMON_BLOCKS = YES;
				GCC_WARN_64_TO_32_BIT_CONVERSION = YES;
				GCC_WARN_ABOUT_RETURN_TYPE = YES_ERROR;
				GCC_WARN_UNDECLARED_SELECTOR = YES;
				GCC_WARN_UNINITIALIZED_AUTOS = YES_AGGRESSIVE;
				GCC_WARN_UNUSED_FUNCTION = YES;
				GCC_WARN_UNUSED_VARIABLE = YES;
				IPHONEOS_DEPLOYMENT_TARGET = 14.0;
				MTL_ENABLE_DEBUG_INFO = NO;
				MTL_FAST_MATH = YES;
				SDKROOT = iphoneos;
				SWIFT_COMPILATION_MODE = wholemodule;
				SWIFT_OPTIMIZATION_LEVEL = "-O";
				VALIDATE_PRODUCT = YES;
			};
			name = Release;
		};
		CE4C2919252E5E8F00C7C77E /* Debug */ = {
			isa = XCBuildConfiguration;
			baseConfigurationReference = B82E71205A5911DFBCA843D3 /* Pods-TemperWorks.debug.xcconfig */;
			buildSettings = {
				ASSETCATALOG_COMPILER_APPICON_NAME = AppIcon;
				ASSETCATALOG_COMPILER_GLOBAL_ACCENT_COLOR_NAME = AccentColor;
				CODE_SIGN_STYLE = Automatic;
				DEVELOPMENT_TEAM = 8LN88S2WJ6;
				INFOPLIST_FILE = TemperWorks/Info.plist;
				IPHONEOS_DEPLOYMENT_TARGET = 13.0;
				LD_RUNPATH_SEARCH_PATHS = (
					"$(inherited)",
					"@executable_path/Frameworks",
				);
				PRODUCT_BUNDLE_IDENTIFIER = com.ravindu.TemperWorks;
				PRODUCT_NAME = "$(TARGET_NAME)";
				SWIFT_VERSION = 5.0;
				TARGETED_DEVICE_FAMILY = "1,2";
			};
			name = Debug;
		};
		CE4C291A252E5E8F00C7C77E /* Release */ = {
			isa = XCBuildConfiguration;
			baseConfigurationReference = 7FB35465056D70B61CB26591 /* Pods-TemperWorks.release.xcconfig */;
			buildSettings = {
				ASSETCATALOG_COMPILER_APPICON_NAME = AppIcon;
				ASSETCATALOG_COMPILER_GLOBAL_ACCENT_COLOR_NAME = AccentColor;
				CODE_SIGN_STYLE = Automatic;
				DEVELOPMENT_TEAM = 8LN88S2WJ6;
				INFOPLIST_FILE = TemperWorks/Info.plist;
				IPHONEOS_DEPLOYMENT_TARGET = 13.0;
				LD_RUNPATH_SEARCH_PATHS = (
					"$(inherited)",
					"@executable_path/Frameworks",
				);
				PRODUCT_BUNDLE_IDENTIFIER = com.ravindu.TemperWorks;
				PRODUCT_NAME = "$(TARGET_NAME)";
				SWIFT_VERSION = 5.0;
				TARGETED_DEVICE_FAMILY = "1,2";
			};
			name = Release;
		};
		CE8E58FB25328F5D005E7A17 /* Debug */ = {
			isa = XCBuildConfiguration;
			baseConfigurationReference = 2810875D654DBA7E460286E2 /* Pods-TemperWorks-TemperWorksTests.debug.xcconfig */;
			buildSettings = {
				BUNDLE_LOADER = "$(TEST_HOST)";
				CLANG_ENABLE_MODULES = YES;
				CODE_SIGN_STYLE = Automatic;
				DEVELOPMENT_TEAM = 8LN88S2WJ6;
				INFOPLIST_FILE = TemperWorksTests/Info.plist;
				LD_RUNPATH_SEARCH_PATHS = (
					"$(inherited)",
					"@executable_path/Frameworks",
					"@loader_path/Frameworks",
				);
				PRODUCT_BUNDLE_IDENTIFIER = com.ravindu.TemperWorksTests;
				PRODUCT_NAME = "$(TARGET_NAME)";
				SWIFT_OPTIMIZATION_LEVEL = "-Onone";
				SWIFT_VERSION = 5.0;
				TARGETED_DEVICE_FAMILY = "1,2";
				TEST_HOST = "$(BUILT_PRODUCTS_DIR)/TemperWorks.app/TemperWorks";
			};
			name = Debug;
		};
		CE8E58FC25328F5D005E7A17 /* Release */ = {
			isa = XCBuildConfiguration;
			baseConfigurationReference = 804762F9842361237B0A42B9 /* Pods-TemperWorks-TemperWorksTests.release.xcconfig */;
			buildSettings = {
				BUNDLE_LOADER = "$(TEST_HOST)";
				CLANG_ENABLE_MODULES = YES;
				CODE_SIGN_STYLE = Automatic;
				DEVELOPMENT_TEAM = 8LN88S2WJ6;
				INFOPLIST_FILE = TemperWorksTests/Info.plist;
				LD_RUNPATH_SEARCH_PATHS = (
					"$(inherited)",
					"@executable_path/Frameworks",
					"@loader_path/Frameworks",
				);
				PRODUCT_BUNDLE_IDENTIFIER = com.ravindu.TemperWorksTests;
				PRODUCT_NAME = "$(TARGET_NAME)";
				SWIFT_VERSION = 5.0;
				TARGETED_DEVICE_FAMILY = "1,2";
				TEST_HOST = "$(BUILT_PRODUCTS_DIR)/TemperWorks.app/TemperWorks";
			};
			name = Release;
		};
/* End XCBuildConfiguration section */

/* Begin XCConfigurationList section */
		CE4C28FF252E5E8E00C7C77E /* Build configuration list for PBXProject "TemperWorks" */ = {
			isa = XCConfigurationList;
			buildConfigurations = (
				CE4C2916252E5E8F00C7C77E /* Debug */,
				CE4C2917252E5E8F00C7C77E /* Release */,
			);
			defaultConfigurationIsVisible = 0;
			defaultConfigurationName = Release;
		};
		CE4C2918252E5E8F00C7C77E /* Build configuration list for PBXNativeTarget "TemperWorks" */ = {
			isa = XCConfigurationList;
			buildConfigurations = (
				CE4C2919252E5E8F00C7C77E /* Debug */,
				CE4C291A252E5E8F00C7C77E /* Release */,
			);
			defaultConfigurationIsVisible = 0;
			defaultConfigurationName = Release;
		};
		CE8E58FA25328F5D005E7A17 /* Build configuration list for PBXNativeTarget "TemperWorksTests" */ = {
			isa = XCConfigurationList;
			buildConfigurations = (
				CE8E58FB25328F5D005E7A17 /* Debug */,
				CE8E58FC25328F5D005E7A17 /* Release */,
			);
			defaultConfigurationIsVisible = 0;
			defaultConfigurationName = Release;
		};
/* End XCConfigurationList section */
	};
	rootObject = CE4C28FC252E5E8E00C7C77E /* Project object */;
}
